
Microsoft Visual Studio Solution File, Format Version 12.00
# Visual Studio Version 17
VisualStudioVersion = 17.3.32825.248
MinimumVisualStudioVersion = 10.0.40219.1
Project("{FAE04EC0-301F-11D3-BF4B-00C04F79EFBC}") = "Crud-Campos-Dealer", "Crud-Campos-Dealer\Crud-Campos-Dealer.csproj", "{FB5F0D44-5C5F-4C6B-A7EC-E470AE54540C}"
EndProject
Global
	GlobalSection(SolutionConfigurationPlatforms) = preSolution
		Debug|Any CPU = Debug|Any CPU
		Release|Any CPU = Release|Any CPU
	EndGlobalSection
	GlobalSection(ProjectConfigurationPlatforms) = postSolution
		{FB5F0D44-5C5F-4C6B-A7EC-E470AE54540C}.Debug|Any CPU.ActiveCfg = Debug|Any CPU
		{FB5F0D44-5C5F-4C6B-A7EC-E470AE54540C}.Debug|Any CPU.Build.0 = Debug|Any CPU
		{FB5F0D44-5C5F-4C6B-A7EC-E470AE54540C}.Release|Any CPU.ActiveCfg = Release|Any CPU
		{FB5F0D44-5C5F-4C6B-A7EC-E470AE54540C}.Release|Any CPU.Build.0 = Release|Any CPU
	EndGlobalSection
	GlobalSection(SolutionProperties) = preSolution
		HideSolutionNode = FALSE
	EndGlobalSection
	GlobalSection(ExtensibilityGlobals) = postSolution
		SolutionGuid = {E7751A41-90FF-4549-87BB-369430D7AB35}
	EndGlobalSection
EndGlobal
